
Microsoft Visual Studio Solution File, Format Version 12.00
# Visual Studio 15
VisualStudioVersion = 15.0.28010.2026
MinimumVisualStudioVersion = 10.0.40219.1
Project("{9A19103F-16F7-4668-BE54-9A1E7A4F7556}") = "Web", "Web\Web.csproj", "{15035B70-BAFC-4D70-9FB1-0CA20D2F31C6}"
EndProject
Project("{9A19103F-16F7-4668-BE54-9A1E7A4F7556}") = "Core", "Core\Core.csproj", "{4F5B640A-A597-4AB6-A2C3-5C1B8268128C}"
EndProject
Project("{9A19103F-16F7-4668-BE54-9A1E7A4F7556}") = "Infrastructure", "Infrastructure\Infrastructure.csproj", "{144D8D82-B45F-4126-B8AE-BF1FDE133695}"
EndProject
Project("{9A19103F-16F7-4668-BE54-9A1E7A4F7556}") = "WebApi", "WebApi\WebApi.csproj", "{D4B07D87-9B44-43B0-BF02-5F8E0A190D72}"
EndProject
Global
	GlobalSection(SolutionConfigurationPlatforms) = preSolution
		Debug|Any CPU = Debug|Any CPU
		Release|Any CPU = Release|Any CPU
	EndGlobalSection
	GlobalSection(ProjectConfigurationPlatforms) = postSolution
		{15035B70-BAFC-4D70-9FB1-0CA20D2F31C6}.Debug|Any CPU.ActiveCfg = Debug|Any CPU
		{15035B70-BAFC-4D70-9FB1-0CA20D2F31C6}.Debug|Any CPU.Build.0 = Debug|Any CPU
		{15035B70-BAFC-4D70-9FB1-0CA20D2F31C6}.Release|Any CPU.ActiveCfg = Release|Any CPU
		{15035B70-BAFC-4D70-9FB1-0CA20D2F31C6}.Release|Any CPU.Build.0 = Release|Any CPU
		{4F5B640A-A597-4AB6-A2C3-5C1B8268128C}.Debug|Any CPU.ActiveCfg = Debug|Any CPU
		{4F5B640A-A597-4AB6-A2C3-5C1B8268128C}.Debug|Any CPU.Build.0 = Debug|Any CPU
		{4F5B640A-A597-4AB6-A2C3-5C1B8268128C}.Release|Any CPU.ActiveCfg = Release|Any CPU
		{4F5B640A-A597-4AB6-A2C3-5C1B8268128C}.Release|Any CPU.Build.0 = Release|Any CPU
		{144D8D82-B45F-4126-B8AE-BF1FDE133695}.Debug|Any CPU.ActiveCfg = Debug|Any CPU
		{144D8D82-B45F-4126-B8AE-BF1FDE133695}.Debug|Any CPU.Build.0 = Debug|Any CPU
		{144D8D82-B45F-4126-B8AE-BF1FDE133695}.Release|Any CPU.ActiveCfg = Release|Any CPU
		{144D8D82-B45F-4126-B8AE-BF1FDE133695}.Release|Any CPU.Build.0 = Release|Any CPU
		{D4B07D87-9B44-43B0-BF02-5F8E0A190D72}.Debug|Any CPU.ActiveCfg = Debug|Any CPU
		{D4B07D87-9B44-43B0-BF02-5F8E0A190D72}.Debug|Any CPU.Build.0 = Debug|Any CPU
		{D4B07D87-9B44-43B0-BF02-5F8E0A190D72}.Release|Any CPU.ActiveCfg = Release|Any CPU
		{D4B07D87-9B44-43B0-BF02-5F8E0A190D72}.Release|Any CPU.Build.0 = Release|Any CPU
	EndGlobalSection
	GlobalSection(SolutionProperties) = preSolution
		HideSolutionNode = FALSE
	EndGlobalSection
	GlobalSection(ExtensibilityGlobals) = postSolution
		SolutionGuid = {F2579293-B197-4213-A596-ADBCF963C997}
	EndGlobalSection
EndGlobal
