
Microsoft Visual Studio Solution File, Format Version 12.00
# Visual Studio 15
VisualStudioVersion = 15.0.28010.2026
MinimumVisualStudioVersion = 10.0.40219.1
Project("{9A19103F-16F7-4668-BE54-9A1E7A4F7556}") = "Blognet.Cms.WebAdmin", "Blognet.Cms\WebAdmin\Blognet.Cms.WebAdmin.csproj", "{15035B70-BAFC-4D70-9FB1-0CA20D2F31C6}"
EndProject
Project("{9A19103F-16F7-4668-BE54-9A1E7A4F7556}") = "Blognet.Cms.Core", "Blognet.Cms\Core\Blognet.Cms.Core.csproj", "{4F5B640A-A597-4AB6-A2C3-5C1B8268128C}"
EndProject
Project("{9A19103F-16F7-4668-BE54-9A1E7A4F7556}") = "Blognet.Cms.Infrastructure", "Blognet.Cms\Infrastructure\Blognet.Cms.Infrastructure.csproj", "{144D8D82-B45F-4126-B8AE-BF1FDE133695}"
EndProject
Project("{9A19103F-16F7-4668-BE54-9A1E7A4F7556}") = "Blognet.Cms.WebApi", "Blognet.Cms\WebApi\Blognet.Cms.WebApi.csproj", "{D4B07D87-9B44-43B0-BF02-5F8E0A190D72}"
EndProject
Project("{2150E333-8FDC-42A3-9474-1A3956D46DE8}") = "Blognet.Websites", "Blognet.Websites", "{061D4B9F-6C33-47F6-A1FD-C4F177DF4E9B}"
EndProject
Project("{2150E333-8FDC-42A3-9474-1A3956D46DE8}") = "Blognet.Cms", "Blognet.Cms", "{964E6831-D9F2-4CD8-8124-59FD0968F341}"
EndProject
Project("{9A19103F-16F7-4668-BE54-9A1E7A4F7556}") = "Blognet.Websites.Commons.Data", "Blognet.Websites\Common\Data\Blognet.Websites.Commons.Data.csproj", "{F6043040-47AE-4C64-937E-2F74EF14CD57}"
EndProject
Project("{2150E333-8FDC-42A3-9474-1A3956D46DE8}") = "Commons", "Commons", "{48B385E9-D82C-4BC5-8593-E9872FF4A12E}"
EndProject
Project("{2150E333-8FDC-42A3-9474-1A3956D46DE8}") = "Tests", "Tests", "{8F286CD4-149B-437E-8215-6D0901ACEECD}"
EndProject
Project("{9A19103F-16F7-4668-BE54-9A1E7A4F7556}") = "Blognet.Cms.Tests.WebApiTests", "Blognet.Cms\Tests\WebApi\Blognet.Cms.Tests.WebApiTests.csproj", "{DAFEB252-7766-4625-9D9F-13383A5A6632}"
EndProject
Project("{2150E333-8FDC-42A3-9474-1A3956D46DE8}") = "Blognet.Tools", "Blognet.Tools", "{6722548D-0624-4F2D-A54D-B09200AE9E36}"
EndProject
Project("{9A19103F-16F7-4668-BE54-9A1E7A4F7556}") = "Blognet.Tools.Web.Sitemap", "Blognet.Tools\Web\Sitemap\Blognet.Tools.Web.Sitemap.csproj", "{6608E844-B19E-4507-823E-AFB9846C4232}"
EndProject
Project("{2150E333-8FDC-42A3-9474-1A3956D46DE8}") = "Tests", "Tests", "{F993D372-25B9-415E-824C-232D176D2567}"
EndProject
Project("{9A19103F-16F7-4668-BE54-9A1E7A4F7556}") = "Blognet.Tools.ToolsTests", "Blognet.Tools\Tests\Blognet.Tools.ToolsTests.csproj", "{0CB6D55F-1014-4B86-AAF1-EDA1BC177E20}"
EndProject
Project("{2150E333-8FDC-42A3-9474-1A3956D46DE8}") = "Web", "Web", "{D6CD1E6D-39D9-49AA-A103-DB59A2376EC3}"
EndProject
Project("{9A19103F-16F7-4668-BE54-9A1E7A4F7556}") = "Blognet.Websites.Commons.Sitemap", "Blognet.Websites\Common\WebSitemap\Blognet.Websites.Commons.Sitemap.csproj", "{4C36A521-67DB-4AC1-ADFD-2EE2EA1F3657}"
EndProject
Project("{FAE04EC0-301F-11D3-BF4B-00C04F79EFBC}") = "Blognet.Cms.Domain", "Blognet.Cms\Domain\Blognet.Cms.Domain.csproj", "{F3867549-8F5B-4B4A-A837-A1BD8D478A71}"
EndProject
Global
	GlobalSection(SolutionConfigurationPlatforms) = preSolution
		Debug|Any CPU = Debug|Any CPU
		Release|Any CPU = Release|Any CPU
	EndGlobalSection
	GlobalSection(ProjectConfigurationPlatforms) = postSolution
		{15035B70-BAFC-4D70-9FB1-0CA20D2F31C6}.Debug|Any CPU.ActiveCfg = Debug|Any CPU
		{15035B70-BAFC-4D70-9FB1-0CA20D2F31C6}.Debug|Any CPU.Build.0 = Debug|Any CPU
		{15035B70-BAFC-4D70-9FB1-0CA20D2F31C6}.Release|Any CPU.ActiveCfg = Release|Any CPU
		{15035B70-BAFC-4D70-9FB1-0CA20D2F31C6}.Release|Any CPU.Build.0 = Release|Any CPU
		{4F5B640A-A597-4AB6-A2C3-5C1B8268128C}.Debug|Any CPU.ActiveCfg = Debug|Any CPU
		{4F5B640A-A597-4AB6-A2C3-5C1B8268128C}.Debug|Any CPU.Build.0 = Debug|Any CPU
		{4F5B640A-A597-4AB6-A2C3-5C1B8268128C}.Release|Any CPU.ActiveCfg = Release|Any CPU
		{4F5B640A-A597-4AB6-A2C3-5C1B8268128C}.Release|Any CPU.Build.0 = Release|Any CPU
		{144D8D82-B45F-4126-B8AE-BF1FDE133695}.Debug|Any CPU.ActiveCfg = Debug|Any CPU
		{144D8D82-B45F-4126-B8AE-BF1FDE133695}.Debug|Any CPU.Build.0 = Debug|Any CPU
		{144D8D82-B45F-4126-B8AE-BF1FDE133695}.Release|Any CPU.ActiveCfg = Release|Any CPU
		{144D8D82-B45F-4126-B8AE-BF1FDE133695}.Release|Any CPU.Build.0 = Release|Any CPU
		{D4B07D87-9B44-43B0-BF02-5F8E0A190D72}.Debug|Any CPU.ActiveCfg = Debug|Any CPU
		{D4B07D87-9B44-43B0-BF02-5F8E0A190D72}.Debug|Any CPU.Build.0 = Debug|Any CPU
		{D4B07D87-9B44-43B0-BF02-5F8E0A190D72}.Release|Any CPU.ActiveCfg = Release|Any CPU
		{D4B07D87-9B44-43B0-BF02-5F8E0A190D72}.Release|Any CPU.Build.0 = Release|Any CPU
		{F6043040-47AE-4C64-937E-2F74EF14CD57}.Debug|Any CPU.ActiveCfg = Debug|Any CPU
		{F6043040-47AE-4C64-937E-2F74EF14CD57}.Debug|Any CPU.Build.0 = Debug|Any CPU
		{F6043040-47AE-4C64-937E-2F74EF14CD57}.Release|Any CPU.ActiveCfg = Release|Any CPU
		{F6043040-47AE-4C64-937E-2F74EF14CD57}.Release|Any CPU.Build.0 = Release|Any CPU
		{DAFEB252-7766-4625-9D9F-13383A5A6632}.Debug|Any CPU.ActiveCfg = Debug|Any CPU
		{DAFEB252-7766-4625-9D9F-13383A5A6632}.Debug|Any CPU.Build.0 = Debug|Any CPU
		{DAFEB252-7766-4625-9D9F-13383A5A6632}.Release|Any CPU.ActiveCfg = Release|Any CPU
		{DAFEB252-7766-4625-9D9F-13383A5A6632}.Release|Any CPU.Build.0 = Release|Any CPU
		{6608E844-B19E-4507-823E-AFB9846C4232}.Debug|Any CPU.ActiveCfg = Debug|Any CPU
		{6608E844-B19E-4507-823E-AFB9846C4232}.Debug|Any CPU.Build.0 = Debug|Any CPU
		{6608E844-B19E-4507-823E-AFB9846C4232}.Release|Any CPU.ActiveCfg = Release|Any CPU
		{6608E844-B19E-4507-823E-AFB9846C4232}.Release|Any CPU.Build.0 = Release|Any CPU
		{0CB6D55F-1014-4B86-AAF1-EDA1BC177E20}.Debug|Any CPU.ActiveCfg = Debug|Any CPU
		{0CB6D55F-1014-4B86-AAF1-EDA1BC177E20}.Debug|Any CPU.Build.0 = Debug|Any CPU
		{0CB6D55F-1014-4B86-AAF1-EDA1BC177E20}.Release|Any CPU.ActiveCfg = Release|Any CPU
		{0CB6D55F-1014-4B86-AAF1-EDA1BC177E20}.Release|Any CPU.Build.0 = Release|Any CPU
		{4C36A521-67DB-4AC1-ADFD-2EE2EA1F3657}.Debug|Any CPU.ActiveCfg = Debug|Any CPU
		{4C36A521-67DB-4AC1-ADFD-2EE2EA1F3657}.Debug|Any CPU.Build.0 = Debug|Any CPU
		{4C36A521-67DB-4AC1-ADFD-2EE2EA1F3657}.Release|Any CPU.ActiveCfg = Release|Any CPU
		{4C36A521-67DB-4AC1-ADFD-2EE2EA1F3657}.Release|Any CPU.Build.0 = Release|Any CPU
		{F3867549-8F5B-4B4A-A837-A1BD8D478A71}.Debug|Any CPU.ActiveCfg = Debug|Any CPU
		{F3867549-8F5B-4B4A-A837-A1BD8D478A71}.Debug|Any CPU.Build.0 = Debug|Any CPU
		{F3867549-8F5B-4B4A-A837-A1BD8D478A71}.Release|Any CPU.ActiveCfg = Release|Any CPU
		{F3867549-8F5B-4B4A-A837-A1BD8D478A71}.Release|Any CPU.Build.0 = Release|Any CPU
	EndGlobalSection
	GlobalSection(SolutionProperties) = preSolution
		HideSolutionNode = FALSE
	EndGlobalSection
	GlobalSection(NestedProjects) = preSolution
		{15035B70-BAFC-4D70-9FB1-0CA20D2F31C6} = {964E6831-D9F2-4CD8-8124-59FD0968F341}
		{4F5B640A-A597-4AB6-A2C3-5C1B8268128C} = {964E6831-D9F2-4CD8-8124-59FD0968F341}
		{144D8D82-B45F-4126-B8AE-BF1FDE133695} = {964E6831-D9F2-4CD8-8124-59FD0968F341}
		{D4B07D87-9B44-43B0-BF02-5F8E0A190D72} = {964E6831-D9F2-4CD8-8124-59FD0968F341}
		{F6043040-47AE-4C64-937E-2F74EF14CD57} = {48B385E9-D82C-4BC5-8593-E9872FF4A12E}
		{48B385E9-D82C-4BC5-8593-E9872FF4A12E} = {061D4B9F-6C33-47F6-A1FD-C4F177DF4E9B}
		{8F286CD4-149B-437E-8215-6D0901ACEECD} = {964E6831-D9F2-4CD8-8124-59FD0968F341}
		{DAFEB252-7766-4625-9D9F-13383A5A6632} = {8F286CD4-149B-437E-8215-6D0901ACEECD}
		{6608E844-B19E-4507-823E-AFB9846C4232} = {D6CD1E6D-39D9-49AA-A103-DB59A2376EC3}
		{F993D372-25B9-415E-824C-232D176D2567} = {6722548D-0624-4F2D-A54D-B09200AE9E36}
		{0CB6D55F-1014-4B86-AAF1-EDA1BC177E20} = {F993D372-25B9-415E-824C-232D176D2567}
		{D6CD1E6D-39D9-49AA-A103-DB59A2376EC3} = {6722548D-0624-4F2D-A54D-B09200AE9E36}
		{4C36A521-67DB-4AC1-ADFD-2EE2EA1F3657} = {48B385E9-D82C-4BC5-8593-E9872FF4A12E}
		{F3867549-8F5B-4B4A-A837-A1BD8D478A71} = {964E6831-D9F2-4CD8-8124-59FD0968F341}
	EndGlobalSection
	GlobalSection(ExtensibilityGlobals) = postSolution
		SolutionGuid = {F2579293-B197-4213-A596-ADBCF963C997}
	EndGlobalSection
EndGlobal
